
Microsoft Visual Studio Solution File, Format Version 12.00
# Visual Studio Version 17
VisualStudioVersion = 17.1.32210.238
MinimumVisualStudioVersion = 10.0.40219.1
Project("{FAE04EC0-301F-11D3-BF4B-00C04F79EFBC}") = "Demo_Delegate", "Demo_Delegate.csproj", "{F9011936-3719-4F95-AE7E-9B89FD0C1BC2}"
EndProject
Global
	GlobalSection(SolutionConfigurationPlatforms) = preSolution
		Debug|Any CPU = Debug|Any CPU
		Release|Any CPU = Release|Any CPU
	EndGlobalSection
	GlobalSection(ProjectConfigurationPlatforms) = postSolution
		{F9011936-3719-4F95-AE7E-9B89FD0C1BC2}.Debug|Any CPU.ActiveCfg = Debug|Any CPU
		{F9011936-3719-4F95-AE7E-9B89FD0C1BC2}.Debug|Any CPU.Build.0 = Debug|Any CPU
		{F9011936-3719-4F95-AE7E-9B89FD0C1BC2}.Release|Any CPU.ActiveCfg = Release|Any CPU
		{F9011936-3719-4F95-AE7E-9B89FD0C1BC2}.Release|Any CPU.Build.0 = Release|Any CPU
	EndGlobalSection
	GlobalSection(SolutionProperties) = preSolution
		HideSolutionNode = FALSE
	EndGlobalSection
	GlobalSection(ExtensibilityGlobals) = postSolution
		SolutionGuid = {863C6409-F7A7-4E5E-AE28-068AF0C95F02}
	EndGlobalSection
EndGlobal
